{
  "requires": true,
  "lockfileVersion": 1,
  "dependencies": {
    "angular-font-awesome": {
      "version": "3.1.2",
      "resolved": "https://registry.npmjs.org/angular-font-awesome/-/angular-font-awesome-3.1.2.tgz",
      "integrity": "sha512-fgNL2jdhBmapaCS9MrcI33LyoYHH4WL9gIL59y334wBnKDZB6JgDRiImbCoNchEm1wFBbVwr9b7cWuQkV0dwEg=="
    },
    "font-awesome": {
      "version": "4.7.0",
      "resolved": "https://registry.npmjs.org/font-awesome/-/font-awesome-4.7.0.tgz",
      "integrity": "sha512-U6kGnykA/6bFmg1M/oT9EkFeIYv7JlX3bozwQJWiiLz6L0w3F5vBVPxHlwyX/vtNq1ckcpRKOB9f2Qal/VtFpg=="
    },
    "mdb-angular-ui-kit": {
      "version": "2.3.0",
      "resolved": "https://registry.npmjs.org/mdb-angular-ui-kit/-/mdb-angular-ui-kit-2.3.0.tgz",
      "integrity": "sha512-JN3fXnEG0GrzE9dbaGcLha0zavVg+ESAlYowNEGWKAP+gHExPTs73ABUMmpIsjWQw1X9Fk+fvBo+VWLtJzMkvg==",
      "requires": {
        "tslib": "^2.0.0"
      }
    },
    "tslib": {
      "version": "2.4.0",
      "resolved": "https://registry.npmjs.org/tslib/-/tslib-2.4.0.tgz",
      "integrity": "sha512-d6xOpEDfsi2CZVlPQzGeux8XMwLT9hssAsaPYExaQMuYskwb+x1x7J371tWlbBdWHroy99KnVB6qIkUbs5X3UQ=="
    }
  }
}
